
Microsoft Visual Studio Solution File, Format Version 12.00
# Visual Studio 15
VisualStudioVersion = 15.0.27428.2043
MinimumVisualStudioVersion = 10.0.40219.1
Project("{FAE04EC0-301F-11D3-BF4B-00C04F79EFBC}") = "SkiingApp", "SkiingApp\SkiingApp.csproj", "{884D4AE0-7A8F-49E7-A622-791AE35B3578}"
EndProject
Global
	GlobalSection(SolutionConfigurationPlatforms) = preSolution
		Debug|ARM = Debug|ARM
		Debug|x64 = Debug|x64
		Debug|x86 = Debug|x86
		Release|ARM = Release|ARM
		Release|x64 = Release|x64
		Release|x86 = Release|x86
	EndGlobalSection
	GlobalSection(ProjectConfigurationPlatforms) = postSolution
		{884D4AE0-7A8F-49E7-A622-791AE35B3578}.Debug|ARM.ActiveCfg = Debug|ARM
		{884D4AE0-7A8F-49E7-A622-791AE35B3578}.Debug|ARM.Build.0 = Debug|ARM
		{884D4AE0-7A8F-49E7-A622-791AE35B3578}.Debug|ARM.Deploy.0 = Debug|ARM
		{884D4AE0-7A8F-49E7-A622-791AE35B3578}.Debug|x64.ActiveCfg = Debug|x64
		{884D4AE0-7A8F-49E7-A622-791AE35B3578}.Debug|x64.Build.0 = Debug|x64
		{884D4AE0-7A8F-49E7-A622-791AE35B3578}.Debug|x64.Deploy.0 = Debug|x64
		{884D4AE0-7A8F-49E7-A622-791AE35B3578}.Debug|x86.ActiveCfg = Debug|x86
		{884D4AE0-7A8F-49E7-A622-791AE35B3578}.Debug|x86.Build.0 = Debug|x86
		{884D4AE0-7A8F-49E7-A622-791AE35B3578}.Debug|x86.Deploy.0 = Debug|x86
		{884D4AE0-7A8F-49E7-A622-791AE35B3578}.Release|ARM.ActiveCfg = Release|ARM
		{884D4AE0-7A8F-49E7-A622-791AE35B3578}.Release|ARM.Build.0 = Release|ARM
		{884D4AE0-7A8F-49E7-A622-791AE35B3578}.Release|ARM.Deploy.0 = Release|ARM
		{884D4AE0-7A8F-49E7-A622-791AE35B3578}.Release|x64.ActiveCfg = Release|x64
		{884D4AE0-7A8F-49E7-A622-791AE35B3578}.Release|x64.Build.0 = Release|x64
		{884D4AE0-7A8F-49E7-A622-791AE35B3578}.Release|x64.Deploy.0 = Release|x64
		{884D4AE0-7A8F-49E7-A622-791AE35B3578}.Release|x86.ActiveCfg = Release|x86
		{884D4AE0-7A8F-49E7-A622-791AE35B3578}.Release|x86.Build.0 = Release|x86
		{884D4AE0-7A8F-49E7-A622-791AE35B3578}.Release|x86.Deploy.0 = Release|x86
	EndGlobalSection
	GlobalSection(SolutionProperties) = preSolution
		HideSolutionNode = FALSE
	EndGlobalSection
	GlobalSection(ExtensibilityGlobals) = postSolution
		SolutionGuid = {96CE46A3-A479-47BC-9053-D9B86EDA683D}
	EndGlobalSection
EndGlobal
